
Microsoft Visual Studio Solution File, Format Version 12.00
# Visual Studio Version 17
VisualStudioVersion = 17.7.34302.85
MinimumVisualStudioVersion = 10.0.40219.1
Project("{FAE04EC0-301F-11D3-BF4B-00C04F79EFBC}") = "FoodRecipes_API", "FoodRecipes_API\FoodRecipes_API.csproj", "{60388E28-3E7A-479D-B55B-7EE47FC0E610}"
EndProject
Project("{FAE04EC0-301F-11D3-BF4B-00C04F79EFBC}") = "FoodRecipes_Core", "FoodRecipes_Core\FoodRecipes_Core.csproj", "{F2228A4E-0F32-43CE-B183-83CB8E03A48A}"
EndProject
Project("{FAE04EC0-301F-11D3-BF4B-00C04F79EFBC}") = "FoodRecipes_Infra", "FoodRecipes_Infra\FoodRecipes_Infra.csproj", "{4B26C15F-D34A-45B8-8D84-76C16036976C}"
EndProject
Global
	GlobalSection(SolutionConfigurationPlatforms) = preSolution
		Debug|Any CPU = Debug|Any CPU
		Release|Any CPU = Release|Any CPU
	EndGlobalSection
	GlobalSection(ProjectConfigurationPlatforms) = postSolution
		{60388E28-3E7A-479D-B55B-7EE47FC0E610}.Debug|Any CPU.ActiveCfg = Debug|Any CPU
		{60388E28-3E7A-479D-B55B-7EE47FC0E610}.Debug|Any CPU.Build.0 = Debug|Any CPU
		{60388E28-3E7A-479D-B55B-7EE47FC0E610}.Release|Any CPU.ActiveCfg = Release|Any CPU
		{60388E28-3E7A-479D-B55B-7EE47FC0E610}.Release|Any CPU.Build.0 = Release|Any CPU
		{F2228A4E-0F32-43CE-B183-83CB8E03A48A}.Debug|Any CPU.ActiveCfg = Debug|Any CPU
		{F2228A4E-0F32-43CE-B183-83CB8E03A48A}.Debug|Any CPU.Build.0 = Debug|Any CPU
		{F2228A4E-0F32-43CE-B183-83CB8E03A48A}.Release|Any CPU.ActiveCfg = Release|Any CPU
		{F2228A4E-0F32-43CE-B183-83CB8E03A48A}.Release|Any CPU.Build.0 = Release|Any CPU
		{4B26C15F-D34A-45B8-8D84-76C16036976C}.Debug|Any CPU.ActiveCfg = Debug|Any CPU
		{4B26C15F-D34A-45B8-8D84-76C16036976C}.Debug|Any CPU.Build.0 = Debug|Any CPU
		{4B26C15F-D34A-45B8-8D84-76C16036976C}.Release|Any CPU.ActiveCfg = Release|Any CPU
		{4B26C15F-D34A-45B8-8D84-76C16036976C}.Release|Any CPU.Build.0 = Release|Any CPU
	EndGlobalSection
	GlobalSection(SolutionProperties) = preSolution
		HideSolutionNode = FALSE
	EndGlobalSection
	GlobalSection(ExtensibilityGlobals) = postSolution
		SolutionGuid = {BDF5C46E-C581-45E3-A2DC-630FF8248B9E}
	EndGlobalSection
EndGlobal
